{
  "name": "xrpl-bookworm",
  "version": "1.0.0",
  "lockfileVersion": 2,
  "requires": true,
  "packages": {
    "": {
      "name": "xrpl-bookworm",
      "version": "1.0.0",
      "license": "ISC",
      "dependencies": {
        "@xrplkit/account": "../../xrplkit/account",
        "@xrplkit/amount": "../../xrplkit/amount",
        "@xrplkit/book": "../../xrplkit/book",
        "@xrplkit/socket": "../../xrplkit/socket",
        "@xrplkit/wallet": "../../xrplkit/wallet",
        "@xrplkit/xfl": "../../xrplkit/xfl"
      }
    },
    "../../xrplkit/account": {
      "version": "1.0.0",
      "dependencies": {
        "@mwni/events": "^1.0.0",
        "@xrplkit/xfl": "1.0.0"
      }
    },
    "../../xrplkit/amount": {
      "version": "1.0.0",
      "license": "ISC",
      "dependencies": {
        "@xrplkit/xfl": "1.0.0"
      }
    },
    "../../xrplkit/book": {
      "version": "1.0.0",
      "license": "ISC",
      "dependencies": {
        "@mwni/events": "^1.0.0",
        "@xrplkit/amount": "1.0.0",
        "@xrplkit/xfl": "1.0.0"
      }
    },
    "../../xrplkit/socket": {
      "version": "1.0.0",
      "dependencies": {
        "@mwni/events": "^1.0.0",
        "websocket": "^1.0.34"
      }
    },
    "../../xrplkit/wallet": {
      "version": "1.0.0",
      "dependencies": {
        "ripple-keypairs": "^1.1.4"
      }
    },
    "../../xrplkit/xfl": {
      "version": "1.0.0"
    },
    "node_modules/@xrplkit/account": {
      "resolved": "../../xrplkit/account",
      "link": true
    },
    "node_modules/@xrplkit/amount": {
      "resolved": "../../xrplkit/amount",
      "link": true
    },
    "node_modules/@xrplkit/book": {
      "resolved": "../../xrplkit/book",
      "link": true
    },
    "node_modules/@xrplkit/socket": {
      "resolved": "../../xrplkit/socket",
      "link": true
    },
    "node_modules/@xrplkit/wallet": {
      "resolved": "../../xrplkit/wallet",
      "link": true
    },
    "node_modules/@xrplkit/xfl": {
      "resolved": "../../xrplkit/xfl",
      "link": true
    }
  },
  "dependencies": {
    "@xrplkit/account": {
      "version": "file:../../xrplkit/account",
      "requires": {
        "@mwni/events": "^1.0.0",
        "@xrplkit/xfl": "1.0.0"
      }
    },
    "@xrplkit/amount": {
      "version": "file:../../xrplkit/amount",
      "requires": {
        "@xrplkit/xfl": "1.0.0"
      }
    },
    "@xrplkit/book": {
      "version": "file:../../xrplkit/book",
      "requires": {
        "@mwni/events": "^1.0.0",
        "@xrplkit/amount": "1.0.0",
        "@xrplkit/xfl": "1.0.0"
      }
    },
    "@xrplkit/socket": {
      "version": "file:../../xrplkit/socket",
      "requires": {
        "@mwni/events": "^1.0.0",
        "websocket": "^1.0.34"
      }
    },
    "@xrplkit/wallet": {
      "version": "file:../../xrplkit/wallet",
      "requires": {
        "ripple-keypairs": "^1.1.4"
      }
    },
    "@xrplkit/xfl": {
      "version": "file:../../xrplkit/xfl"
    }
  }
}
